{
  "name": "SGAMING",
  "lockfileVersion": 2,
  "requires": true,
  "packages": {
    "": {
      "dependencies": {
        "sweetalert2": "^11.4.12"
      }
    },
    "node_modules/sweetalert2": {
      "version": "11.4.12",
      "resolved": "https://registry.npmjs.org/sweetalert2/-/sweetalert2-11.4.12.tgz",
      "integrity": "sha512-GnoiNVT747Gxa3xX7fbQPTer7J/yafWog56Un12AlP2YB7krGV93oVWfMQCbqPFVQjz3HXKKoJGxPo80HkcSnQ==",
      "funding": {
        "type": "individual",
        "url": "https://sweetalert2.github.io/#donations"
      }
    }
  },
  "dependencies": {
    "sweetalert2": {
      "version": "11.4.12",
      "resolved": "https://registry.npmjs.org/sweetalert2/-/sweetalert2-11.4.12.tgz",
      "integrity": "sha512-GnoiNVT747Gxa3xX7fbQPTer7J/yafWog56Un12AlP2YB7krGV93oVWfMQCbqPFVQjz3HXKKoJGxPo80HkcSnQ=="
    }
  }
}
